<?xml version="1.0" encoding="utf-8"?>
<Project ToolsVersion="4.0" xmlns="http://schemas.microsoft.com/developer/msbuild/2003">
  <ItemGroup>
    <Filter Include="Source Files">
      <UniqueIdentifier>{4FC737F1-C7A5-4376-A066-2A32D752A2FF}</UniqueIdentifier>
      <Extensions>cpp;c;cc;cxx;c++;cppm;ixx;def;odl;idl;hpj;bat;asm;asmx</Extensions>
    </Filter>
    <Filter Include="Header Files">
      <UniqueIdentifier>{93995380-89BD-4b04-88EB-625FBE52EBFB}</UniqueIdentifier>
      <Extensions>h;hh;hpp;hxx;h++;hm;inl;inc;ipp;xsd</Extensions>
    </Filter>
    <Filter Include="Resource Files">
      <UniqueIdentifier>{67DA6AB6-F800-4c08-8B7A-83BB121AAD01}</UniqueIdentifier>
      <Extensions>rc;ico;cur;bmp;dlg;rc2;rct;bin;rgs;gif;jpg;jpeg;jpe;resx;tiff;tif;png;wav;mfcribbon-ms</Extensions>
    </Filter>
    <Filter Include="Header Files\engine">
      <UniqueIdentifier>{04ad7818-f02d-4cd3-ad68-d1a7d35b349a}</UniqueIdentifier>
    </Filter>
    <Filter Include="Source Files\engine">
      <UniqueIdentifier>{aba65797-1eb6-4fcf-89c6-c6ae9e33764e}</UniqueIdentifier>
    </Filter>
    <Filter Include="Header Files\experimental">
      <UniqueIdentifier>{dab54e06-9b5b-484c-aab8-269418dc15e9}</UniqueIdentifier>
    </Filter>
    <Filter Include="Header Files\gamemodes">
      <UniqueIdentifier>{9953dc1d-0653-441a-b18e-df2a73298160}</UniqueIdentifier>
    </Filter>
    <Filter Include="Source Files\gamemodes">
      <UniqueIdentifier>{c5b4ca24-6d44-4aea-b139-cdb582683fd1}</UniqueIdentifier>
    </Filter>
    <Filter Include="Source Files\genetics">
      <UniqueIdentifier>{34cbe77f-0a58-437a-a590-22ce0add8a57}</UniqueIdentifier>
    </Filter>
    <Filter Include="Header Files\genetics">
      <UniqueIdentifier>{e9630e48-7695-413b-a615-9b05585c6a00}</UniqueIdentifier>
    </Filter>
    <Filter Include="Header Files\rpg">
      <UniqueIdentifier>{784183ca-aea1-40f6-a948-98db9e00e2ed}</UniqueIdentifier>
    </Filter>
    <Filter Include="Source Files\rpg">
      <UniqueIdentifier>{59a048cd-e8bc-4a02-85d3-5370d59d987d}</UniqueIdentifier>
    </Filter>
    <Filter Include="Source Files\experimental">
      <UniqueIdentifier>{275f88ef-defc-47e2-99b4-1959c996f870}</UniqueIdentifier>
    </Filter>
    <Filter Include="Header Files\combat">
      <UniqueIdentifier>{f1f14b46-9ccc-42ed-baa2-10ccafdb5c62}</UniqueIdentifier>
    </Filter>
  </ItemGroup>
  <ItemGroup>
    <ClCompile Include="src\main.cpp">
      <Filter>Source Files</Filter>
    </ClCompile>
    <ClCompile Include="src\game.cpp">
      <Filter>Source Files</Filter>
    </ClCompile>
    <ClCompile Include="src\wave_function.cpp">
      <Filter>Source Files\experimental</Filter>
    </ClCompile>
    <ClCompile Include="src\village.cpp">
      <Filter>Source Files\experimental</Filter>
    </ClCompile>
    <ClCompile Include="src\tournament.cpp">
      <Filter>Source Files\experimental</Filter>
    </ClCompile>
    <ClCompile Include="src\logger.cpp">
      <Filter>Source Files\engine</Filter>
    </ClCompile>
    <ClCompile Include="src\ui.cpp">
      <Filter>Source Files\engine</Filter>
    </ClCompile>
    <ClCompile Include="src\asset_loader.cpp">
      <Filter>Source Files\engine</Filter>
    </ClCompile>
    <ClCompile Include="src\map.cpp">
      <Filter>Source Files</Filter>
    </ClCompile>
    <ClCompile Include="src\input.cpp">
      <Filter>Source Files\engine</Filter>
    </ClCompile>
    <ClCompile Include="src\mapview.cpp">
      <Filter>Source Files</Filter>
    </ClCompile>
    <ClCompile Include="src\point.cpp">
      <Filter>Source Files\engine</Filter>
    </ClCompile>
    <ClCompile Include="src\ui_style.cpp">
      <Filter>Source Files\engine</Filter>
    </ClCompile>
    <ClCompile Include="src\game_mainmenu.cpp">
      <Filter>Source Files\gamemodes</Filter>
    </ClCompile>
    <ClCompile Include="src\genetics.cpp">
      <Filter>Source Files\genetics</Filter>
    </ClCompile>
    <ClCompile Include="src\genetics_protein.cpp">
      <Filter>Source Files\genetics</Filter>
    </ClCompile>
    <ClCompile Include="src\genetics_chromosome.cpp">
      <Filter>Source Files\genetics</Filter>
    </ClCompile>
    <ClCompile Include="src\game_strategic.cpp">
      <Filter>Source Files\gamemodes</Filter>
    </ClCompile>
    <ClCompile Include="src\spell.cpp">
      <Filter>Source Files\rpg</Filter>
    </ClCompile>
    <ClCompile Include="src\static.cpp">
      <Filter>Source Files</Filter>
    </ClCompile>
    <ClCompile Include="src\rng.cpp">
      <Filter>Source Files\engine</Filter>
    </ClCompile>
    <ClCompile Include="src\game_build_calc.cpp">
      <Filter>Source Files\gamemodes</Filter>
    </ClCompile>
    <ClCompile Include="src\game_battle.cpp">
      <Filter>Source Files\gamemodes</Filter>
    </ClCompile>
    <ClCompile Include="src\rpg_generation.cpp">
      <Filter>Source Files\rpg</Filter>
    </ClCompile>
    <ClCompile Include="src\renderer.cpp">
      <Filter>Source Files\engine</Filter>
    </ClCompile>
    <ClCompile Include="src\unit.cpp">
      <Filter>Source Files\experimental</Filter>
    </ClCompile>
    <ClCompile Include="src\rpg_arena.cpp">
      <Filter>Source Files\rpg</Filter>
    </ClCompile>
    <ClCompile Include="src\build_optimizer.cpp">
      <Filter>Source Files\experimental</Filter>
    </ClCompile>
    <ClCompile Include="src\SDL2_gfx.cpp">
      <Filter>Source Files\engine</Filter>
    </ClCompile>
  </ItemGroup>
  <ItemGroup>
    <ClInclude Include="src\object.h">
      <Filter>Header Files</Filter>
    </ClInclude>
    <ClInclude Include="src\static.h">
      <Filter>Header Files</Filter>
    </ClInclude>
    <ClInclude Include="src\game.h">
      <Filter>Header Files</Filter>
    </ClInclude>
    <ClInclude Include="src\ui.h">
      <Filter>Header Files\engine</Filter>
    </ClInclude>
    <ClInclude Include="src\base_game.h">
      <Filter>Header Files\engine</Filter>
    </ClInclude>
    <ClInclude Include="src\asset_loader.h">
      <Filter>Header Files\engine</Filter>
    </ClInclude>
    <ClInclude Include="src\json.hpp">
      <Filter>Header Files\engine</Filter>
    </ClInclude>
    <ClInclude Include="src\tournament.h">
      <Filter>Header Files\experimental</Filter>
    </ClInclude>
    <ClInclude Include="src\unit_villager.h">
      <Filter>Header Files\experimental</Filter>
    </ClInclude>
    <ClInclude Include="src\village.h">
      <Filter>Header Files\experimental</Filter>
    </ClInclude>
    <ClInclude Include="src\resource.h">
      <Filter>Header Files\experimental</Filter>
    </ClInclude>
    <ClInclude Include="src\wave_function.h">
      <Filter>Header Files\experimental</Filter>
    </ClInclude>
    <ClInclude Include="src\logger.h">
      <Filter>Header Files\engine</Filter>
    </ClInclude>
    <ClInclude Include="src\audio_manager.h">
      <Filter>Header Files\engine</Filter>
    </ClInclude>
    <ClInclude Include="src\map.h">
      <Filter>Header Files</Filter>
    </ClInclude>
    <ClInclude Include="src\mapview.h">
      <Filter>Header Files</Filter>
    </ClInclude>
    <ClInclude Include="src\renderer.h">
      <Filter>Header Files\engine</Filter>
    </ClInclude>
    <ClInclude Include="src\input.h">
      <Filter>Header Files\engine</Filter>
    </ClInclude>
    <ClInclude Include="src\types.h">
      <Filter>Header Files\engine</Filter>
    </ClInclude>
    <ClInclude Include="src\point.h">
      <Filter>Header Files\engine</Filter>
    </ClInclude>
    <ClInclude Include="src\utils.h">
      <Filter>Header Files\engine</Filter>
    </ClInclude>
    <ClInclude Include="src\ui_style.h">
      <Filter>Header Files\engine</Filter>
    </ClInclude>
    <ClInclude Include="src\game_battle.h">
      <Filter>Header Files\gamemodes</Filter>
    </ClInclude>
    <ClInclude Include="src\game_campaign.h">
      <Filter>Header Files\gamemodes</Filter>
    </ClInclude>
    <ClInclude Include="src\game_mainmenu.h">
      <Filter>Header Files\gamemodes</Filter>
    </ClInclude>
    <ClInclude Include="src\game_strategic.h">
      <Filter>Header Files\gamemodes</Filter>
    </ClInclude>
    <ClInclude Include="src\gamemode.h">
      <Filter>Header Files\gamemodes</Filter>
    </ClInclude>
    <ClInclude Include="src\gene.h">
      <Filter>Header Files\genetics</Filter>
    </ClInclude>
    <ClInclude Include="src\genetics.h">
      <Filter>Header Files\genetics</Filter>
    </ClInclude>
    <ClInclude Include="src\genetics_chromosome.h">
      <Filter>Header Files\genetics</Filter>
    </ClInclude>
    <ClInclude Include="src\genetics_protein.h">
      <Filter>Header Files\genetics</Filter>
    </ClInclude>
    <ClInclude Include="src\genome.h">
      <Filter>Header Files\genetics</Filter>
    </ClInclude>
    <ClInclude Include="src\character.h">
      <Filter>Header Files\rpg</Filter>
    </ClInclude>
    <ClInclude Include="src\spell.h">
      <Filter>Header Files\rpg</Filter>
    </ClInclude>
    <ClInclude Include="src\rng.h">
      <Filter>Header Files\engine</Filter>
    </ClInclude>
    <ClInclude Include="src\rpg_generation.h">
      <Filter>Header Files\rpg</Filter>
    </ClInclude>
    <ClInclude Include="src\game_build_calc.h">
      <Filter>Header Files\gamemodes</Filter>
    </ClInclude>
    <ClInclude Include="src\component.h">
      <Filter>Header Files\engine</Filter>
    </ClInclude>
    <ClInclude Include="src\unit.h">
      <Filter>Header Files\experimental</Filter>
    </ClInclude>
    <ClInclude Include="src\rpg_arena.h">
      <Filter>Header Files\rpg</Filter>
    </ClInclude>
    <ClInclude Include="src\build_optimizer.h">
      <Filter>Header Files\experimental</Filter>
    </ClInclude>
    <ClInclude Include="src\rpg_base.h">
      <Filter>Header Files\rpg</Filter>
    </ClInclude>
    <ClInclude Include="src\SDL2_gfx.h">
      <Filter>Header Files\engine</Filter>
    </ClInclude>
  </ItemGroup>
  <ItemGroup>
    <None Include="data.json">
      <Filter>Resource Files</Filter>
    </None>
  </ItemGroup>
</Project>